
Microsoft Visual Studio Solution File, Format Version 12.00
# Visual Studio Version 16
VisualStudioVersion = 16.0.30517.126
MinimumVisualStudioVersion = 10.0.40219.1
Project("{8BC9CEB8-8B4A-11D0-8D11-00A0C91BC942}") = "GitHubTestingV1", "GitHubTestingV1\GitHubTestingV1.vcxproj", "{5342011A-0A02-40C6-B880-7B4D760418B2}"
EndProject
Global
	GlobalSection(SolutionConfigurationPlatforms) = preSolution
		Debug|x64 = Debug|x64
		Debug|x86 = Debug|x86
		Release|x64 = Release|x64
		Release|x86 = Release|x86
	EndGlobalSection
	GlobalSection(ProjectConfigurationPlatforms) = postSolution
		{5342011A-0A02-40C6-B880-7B4D760418B2}.Debug|x64.ActiveCfg = Debug|x64
		{5342011A-0A02-40C6-B880-7B4D760418B2}.Debug|x64.Build.0 = Debug|x64
		{5342011A-0A02-40C6-B880-7B4D760418B2}.Debug|x86.ActiveCfg = Debug|Win32
		{5342011A-0A02-40C6-B880-7B4D760418B2}.Debug|x86.Build.0 = Debug|Win32
		{5342011A-0A02-40C6-B880-7B4D760418B2}.Release|x64.ActiveCfg = Release|x64
		{5342011A-0A02-40C6-B880-7B4D760418B2}.Release|x64.Build.0 = Release|x64
		{5342011A-0A02-40C6-B880-7B4D760418B2}.Release|x86.ActiveCfg = Release|Win32
		{5342011A-0A02-40C6-B880-7B4D760418B2}.Release|x86.Build.0 = Release|Win32
	EndGlobalSection
	GlobalSection(SolutionProperties) = preSolution
		HideSolutionNode = FALSE
	EndGlobalSection
	GlobalSection(ExtensibilityGlobals) = postSolution
		SolutionGuid = {9CE5A95A-B72E-4BD5-9214-A21D98E5741E}
	EndGlobalSection
EndGlobal
